
Microsoft Visual Studio Solution File, Format Version 12.00
# Visual Studio Version 17
VisualStudioVersion = 17.1.32210.238
MinimumVisualStudioVersion = 10.0.40219.1
Project("{FAE04EC0-301F-11D3-BF4B-00C04F79EFBC}") = "WebApplication2", "WebApplication2\WebApplication2.csproj", "{D83A3401-32F4-4293-AF31-9800A3DA0EE7}"
EndProject
Global
	GlobalSection(SolutionConfigurationPlatforms) = preSolution
		Debug|Any CPU = Debug|Any CPU
		Release|Any CPU = Release|Any CPU
	EndGlobalSection
	GlobalSection(ProjectConfigurationPlatforms) = postSolution
		{D83A3401-32F4-4293-AF31-9800A3DA0EE7}.Debug|Any CPU.ActiveCfg = Debug|Any CPU
		{D83A3401-32F4-4293-AF31-9800A3DA0EE7}.Debug|Any CPU.Build.0 = Debug|Any CPU
		{D83A3401-32F4-4293-AF31-9800A3DA0EE7}.Release|Any CPU.ActiveCfg = Release|Any CPU
		{D83A3401-32F4-4293-AF31-9800A3DA0EE7}.Release|Any CPU.Build.0 = Release|Any CPU
	EndGlobalSection
	GlobalSection(SolutionProperties) = preSolution
		HideSolutionNode = FALSE
	EndGlobalSection
	GlobalSection(ExtensibilityGlobals) = postSolution
		SolutionGuid = {686ABC8D-3915-474D-917D-181521D5B431}
	EndGlobalSection
EndGlobal
